
Microsoft Visual Studio Solution File, Format Version 11.00
# Visual Studio 2010
Project("{FAE04EC0-301F-11D3-BF4B-00C04F79EFBC}") = "Tests", "Tests\Tests.csproj", "{115729C4-76CC-4455-B31E-71148CC5895B}"
EndProject
Project("{FAE04EC0-301F-11D3-BF4B-00C04F79EFBC}") = "Src", "Src\Src.csproj", "{39694828-DADF-432D-ACC6-0F51664507D4}"
EndProject
Global
	GlobalSection(SolutionConfigurationPlatforms) = preSolution
		Debug|Any CPU = Debug|Any CPU
		Release|Any CPU = Release|Any CPU
	EndGlobalSection
	GlobalSection(ProjectConfigurationPlatforms) = postSolution
		{115729C4-76CC-4455-B31E-71148CC5895B}.Debug|Any CPU.ActiveCfg = Debug|Any CPU
		{115729C4-76CC-4455-B31E-71148CC5895B}.Debug|Any CPU.Build.0 = Debug|Any CPU
		{115729C4-76CC-4455-B31E-71148CC5895B}.Release|Any CPU.ActiveCfg = Release|Any CPU
		{115729C4-76CC-4455-B31E-71148CC5895B}.Release|Any CPU.Build.0 = Release|Any CPU
		{39694828-DADF-432D-ACC6-0F51664507D4}.Debug|Any CPU.ActiveCfg = Debug|Any CPU
		{39694828-DADF-432D-ACC6-0F51664507D4}.Debug|Any CPU.Build.0 = Debug|Any CPU
		{39694828-DADF-432D-ACC6-0F51664507D4}.Release|Any CPU.ActiveCfg = Release|Any CPU
		{39694828-DADF-432D-ACC6-0F51664507D4}.Release|Any CPU.Build.0 = Release|Any CPU
	EndGlobalSection
	GlobalSection(SolutionProperties) = preSolution
		HideSolutionNode = FALSE
	EndGlobalSection
EndGlobal
